
Microsoft Visual Studio Solution File, Format Version 12.00
# Visual Studio 15
VisualStudioVersion = 15.0.27703.2035
MinimumVisualStudioVersion = 10.0.40219.1
Project("{FAE04EC0-301F-11D3-BF4B-00C04F79EFBC}") = "FirmaXML", "FirmaXML\FirmaXML.csproj", "{5EA76FFD-0379-4383-8C59-A85D972FA33D}"
EndProject
Project("{FAE04EC0-301F-11D3-BF4B-00C04F79EFBC}") = "FirmaXML.Tests", "FirmaXML.Tests\FirmaXML.Tests.csproj", "{491AD8E1-88A3-4D8C-A1AF-7D7DE97C10B5}"
EndProject
Global
	GlobalSection(SolutionConfigurationPlatforms) = preSolution
		Debug|Any CPU = Debug|Any CPU
		Release|Any CPU = Release|Any CPU
	EndGlobalSection
	GlobalSection(ProjectConfigurationPlatforms) = postSolution
		{5EA76FFD-0379-4383-8C59-A85D972FA33D}.Debug|Any CPU.ActiveCfg = Debug|Any CPU
		{5EA76FFD-0379-4383-8C59-A85D972FA33D}.Debug|Any CPU.Build.0 = Debug|Any CPU
		{5EA76FFD-0379-4383-8C59-A85D972FA33D}.Release|Any CPU.ActiveCfg = Release|Any CPU
		{5EA76FFD-0379-4383-8C59-A85D972FA33D}.Release|Any CPU.Build.0 = Release|Any CPU
		{491AD8E1-88A3-4D8C-A1AF-7D7DE97C10B5}.Debug|Any CPU.ActiveCfg = Debug|Any CPU
		{491AD8E1-88A3-4D8C-A1AF-7D7DE97C10B5}.Debug|Any CPU.Build.0 = Debug|Any CPU
		{491AD8E1-88A3-4D8C-A1AF-7D7DE97C10B5}.Release|Any CPU.ActiveCfg = Release|Any CPU
		{491AD8E1-88A3-4D8C-A1AF-7D7DE97C10B5}.Release|Any CPU.Build.0 = Release|Any CPU
	EndGlobalSection
	GlobalSection(SolutionProperties) = preSolution
		HideSolutionNode = FALSE
	EndGlobalSection
	GlobalSection(ExtensibilityGlobals) = postSolution
		SolutionGuid = {36ACF67A-AD95-4CB0-BA13-CEA0A6FCAF85}
	EndGlobalSection
EndGlobal
